
Microsoft Visual Studio Solution File, Format Version 12.00
# Visual Studio Version 17
VisualStudioVersion = 17.6.33829.357
MinimumVisualStudioVersion = 10.0.40219.1
Project("{FAE04EC0-301F-11D3-BF4B-00C04F79EFBC}") = "FlightPlanApi", "FlightPlanApi.csproj", "{CA76E7A2-D427-489F-9A2C-A24503093BC4}"
EndProject
Global
	GlobalSection(SolutionConfigurationPlatforms) = preSolution
		Debug|Any CPU = Debug|Any CPU
		Release|Any CPU = Release|Any CPU
	EndGlobalSection
	GlobalSection(ProjectConfigurationPlatforms) = postSolution
		{CA76E7A2-D427-489F-9A2C-A24503093BC4}.Debug|Any CPU.ActiveCfg = Debug|Any CPU
		{CA76E7A2-D427-489F-9A2C-A24503093BC4}.Debug|Any CPU.Build.0 = Debug|Any CPU
		{CA76E7A2-D427-489F-9A2C-A24503093BC4}.Release|Any CPU.ActiveCfg = Release|Any CPU
		{CA76E7A2-D427-489F-9A2C-A24503093BC4}.Release|Any CPU.Build.0 = Release|Any CPU
	EndGlobalSection
	GlobalSection(SolutionProperties) = preSolution
		HideSolutionNode = FALSE
	EndGlobalSection
	GlobalSection(ExtensibilityGlobals) = postSolution
		SolutionGuid = {12B2D03D-1BCF-4248-B412-07C9F59FE3C1}
	EndGlobalSection
EndGlobal
